// !$*UTF8*$!
{
	archiveVersion = 1;
	classes = {
	};
	objectVersion = 46;
	objects = {

/* Begin PBXBuildFile section */
		107DA6CF1E68C69C008F2BE6 /* DigramHashTable.swift in Sources */ = {isa = PBXBuildFile; fileRef = 107DA6CC1E68C69C008F2BE6 /* DigramHashTable.swift */; };
		107DA6D01E68C69C008F2BE6 /* Sequitur.swift in Sources */ = {isa = PBXBuildFile; fileRef = 107DA6CD1E68C69C008F2BE6 /* Sequitur.swift */; };
		107DA6D11E68C69C008F2BE6 /* SymbolList.swift in Sources */ = {isa = PBXBuildFile; fileRef = 107DA6CE1E68C69C008F2BE6 /* SymbolList.swift */; };
/* End PBXBuildFile section */

/* Begin PBXFileReference section */
		106789A31E68C587006E6FAA /* libSequitur-Swift.dylib */ = {isa = PBXFileReference; explicitFileType = "compiled.mach-o.dylib"; includeInIndex = 0; path = "libSequitur-Swift.dylib"; sourceTree = BUILT_PRODUCTS_DIR; };
		106789AA1E68C5BE006E6FAA /* Sequitur-Swift-Bridging-Header.h */ = {isa = PBXFileReference; lastKnownFileType = sourcecode.c.h; path = "Sequitur-Swift-Bridging-Header.h"; sourceTree = "<group>"; };
		107DA6CC1E68C69C008F2BE6 /* DigramHashTable.swift */ = {isa = PBXFileReference; fileEncoding = 4; lastKnownFileType = sourcecode.swift; path = DigramHashTable.swift; sourceTree = "<group>"; };
		107DA6CD1E68C69C008F2BE6 /* Sequitur.swift */ = {isa = PBXFileReference; fileEncoding = 4; lastKnownFileType = sourcecode.swift; path = Sequitur.swift; sourceTree = "<group>"; };
		107DA6CE1E68C69C008F2BE6 /* SymbolList.swift */ = {isa = PBXFileReference; fileEncoding = 4; lastKnownFileType = sourcecode.swift; path = SymbolList.swift; sourceTree = "<group>"; };
/* End PBXFileReference section */

/* Begin PBXFrameworksBuildPhase section */
		106789A01E68C587006E6FAA /* Frameworks */ = {
			isa = PBXFrameworksBuildPhase;
			buildActionMask = 2147483647;
			files = (
			);
			runOnlyForDeploymentPostprocessing = 0;
		};
/* End PBXFrameworksBuildPhase section */

/* Begin PBXGroup section */
		1067899A1E68C587006E6FAA = {
			isa = PBXGroup;
			children = (
				107DA6CC1E68C69C008F2BE6 /* DigramHashTable.swift */,
				107DA6CD1E68C69C008F2BE6 /* Sequitur.swift */,
				107DA6CE1E68C69C008F2BE6 /* SymbolList.swift */,
				106789A41E68C587006E6FAA /* Products */,
				106789AA1E68C5BE006E6FAA /* Sequitur-Swift-Bridging-Header.h */,
			);
			sourceTree = "<group>";
		};
		106789A41E68C587006E6FAA /* Products */ = {
			isa = PBXGroup;
			children = (
				106789A31E68C587006E6FAA /* libSequitur-Swift.dylib */,
			);
			name = Products;
			sourceTree = "<group>";
		};
/* End PBXGroup section */

/* Begin PBXHeadersBuildPhase section */
		106789A11E68C587006E6FAA /* Headers */ = {
			isa = PBXHeadersBuildPhase;
			buildActionMask = 2147483647;
			files = (
			);
			runOnlyForDeploymentPostprocessing = 0;
		};
/* End PBXHeadersBuildPhase section */

/* Begin PBXNativeTarget section */
		106789A21E68C587006E6FAA /* Sequitur-Swift */ = {
			isa = PBXNativeTarget;
			buildConfigurationList = 106789A71E68C587006E6FAA /* Build configuration list for PBXNativeTarget "Sequitur-Swift" */;
			buildPhases = (
				1067899F1E68C587006E6FAA /* Sources */,
				106789A01E68C587006E6FAA /* Frameworks */,
				106789A11E68C587006E6FAA /* Headers */,
			);
			buildRules = (
			);
			dependencies = (
			);
			name = "Sequitur-Swift";
			productName = "Sequitur-Swift";
			productReference = 106789A31E68C587006E6FAA /* libSequitur-Swift.dylib */;
			productType = "com.apple.product-type.library.dynamic";
		};
/* End PBXNativeTarget section */

/* Begin PBXProject section */
		1067899B1E68C587006E6FAA /* Project object */ = {
			isa = PBXProject;
			attributes = {
				LastUpgradeCheck = 0820;
				ORGANIZATIONNAME = Jeet;
				TargetAttributes = {
					106789A21E68C587006E6FAA = {
						CreatedOnToolsVersion = 8.2.1;
						DevelopmentTeam = CPDEXJDESH;
						LastSwiftMigration = 0820;
						ProvisioningStyle = Automatic;
					};
				};
			};
			buildConfigurationList = 1067899E1E68C587006E6FAA /* Build configuration list for PBXProject "Sequitur-Swift" */;
			compatibilityVersion = "Xcode 3.2";
			developmentRegion = English;
			hasScannedForEncodings = 0;
			knownRegions = (
				en,
			);
			mainGroup = 1067899A1E68C587006E6FAA;
			productRefGroup = 106789A41E68C587006E6FAA /* Products */;
			projectDirPath = "";
			projectRoot = "";
			targets = (
				106789A21E68C587006E6FAA /* Sequitur-Swift */,
			);
		};
/* End PBXProject section */

/* Begin PBXSourcesBuildPhase section */
		1067899F1E68C587006E6FAA /* Sources */ = {
			isa = PBXSourcesBuildPhase;
			buildActionMask = 2147483647;
			files = (
				107DA6CF1E68C69C008F2BE6 /* DigramHashTable.swift in Sources */,
				107DA6D01E68C69C008F2BE6 /* Sequitur.swift in Sources */,
				107DA6D11E68C69C008F2BE6 /* SymbolList.swift in Sources */,
			);
			runOnlyForDeploymentPostprocessing = 0;
		};
/* End PBXSourcesBuildPhase section */

/* Begin XCBuildConfiguration section */
		106789A51E68C587006E6FAA /* Debug */ = {
			isa = XCBuildConfiguration;
			buildSettings = {
				ALWAYS_SEARCH_USER_PATHS = NO;
				CLANG_ANALYZER_NONNULL = YES;
				CLANG_CXX_LANGUAGE_STANDARD = "gnu++0x";
				CLANG_CXX_LIBRARY = "libc++";
				CLANG_ENABLE_MODULES = YES;
				CLANG_ENABLE_OBJC_ARC = YES;
				CLANG_WARN_BOOL_CONVERSION = YES;
				CLANG_WARN_CONSTANT_CONVERSION = YES;
				CLANG_WARN_DIRECT_OBJC_ISA_USAGE = YES_ERROR;
				CLANG_WARN_DOCUMENTATION_COMMENTS = YES;
				CLANG_WARN_EMPTY_BODY = YES;
				CLANG_WARN_ENUM_CONVERSION = YES;
				CLANG_WARN_INFINITE_RECURSION = YES;
				CLANG_WARN_INT_CONVERSION = YES;
				CLANG_WARN_OBJC_ROOT_CLASS = YES_ERROR;
				CLANG_WARN_SUSPICIOUS_MOVE = YES;
				CLANG_WARN_UNREACHABLE_CODE = YES;
				CLANG_WARN__DUPLICATE_METHOD_MATCH = YES;
				CODE_SIGN_IDENTITY = "-";
				COPY_PHASE_STRIP = NO;
				DEBUG_INFORMATION_FORMAT = dwarf;
				ENABLE_STRICT_OBJC_MSGSEND = YES;
				ENABLE_TESTABILITY = YES;
				GCC_C_LANGUAGE_STANDARD = gnu99;
				GCC_DYNAMIC_NO_PIC = NO;
				GCC_NO_COMMON_BLOCKS = YES;
				GCC_OPTIMIZATION_LEVEL = 0;
				GCC_PREPROCESSOR_DEFINITIONS = (
					"DEBUG=1",
					"$(inherited)",
				);
				GCC_WARN_64_TO_32_BIT_CONVERSION = YES;
				GCC_WARN_ABOUT_RETURN_TYPE = YES_ERROR;
				GCC_WARN_UNDECLARED_SELECTOR = YES;
				GCC_WARN_UNINITIALIZED_AUTOS = YES_AGGRESSIVE;
				GCC_WARN_UNUSED_FUNCTION = YES;
				GCC_WARN_UNUSED_VARIABLE = YES;
				MACOSX_DEPLOYMENT_TARGET = 10.12;
				MTL_ENABLE_DEBUG_INFO = YES;
				ONLY_ACTIVE_ARCH = YES;
				SDKROOT = macosx;
			};
			name = Debug;
		};
		106789A61E68C587006E6FAA /* Release */ = {
			isa = XCBuildConfiguration;
			buildSettings = {
				ALWAYS_SEARCH_USER_PATHS = NO;
				CLANG_ANALYZER_NONNULL = YES;
				CLANG_CXX_LANGUAGE_STANDARD = "gnu++0x";
				CLANG_CXX_LIBRARY = "libc++";
				CLANG_ENABLE_MODULES = YES;
				CLANG_ENABLE_OBJC_ARC = YES;
				CLANG_WARN_BOOL_CONVERSION = YES;
				CLANG_WARN_CONSTANT_CONVERSION = YES;
				CLANG_WARN_DIRECT_OBJC_ISA_USAGE = YES_ERROR;
				CLANG_WARN_DOCUMENTATION_COMMENTS = YES;
				CLANG_WARN_EMPTY_BODY = YES;
				CLANG_WARN_ENUM_CONVERSION = YES;
				CLANG_WARN_INFINITE_RECURSION = YES;
				CLANG_WARN_INT_CONVERSION = YES;
				CLANG_WARN_OBJC_ROOT_CLASS = YES_ERROR;
				CLANG_WARN_SUSPICIOUS_MOVE = YES;
				CLANG_WARN_UNREACHABLE_CODE = YES;
				CLANG_WARN__DUPLICATE_METHOD_MATCH = YES;
				CODE_SIGN_IDENTITY = "-";
				COPY_PHASE_STRIP = NO;
				DEBUG_INFORMATION_FORMAT = "dwarf-with-dsym";
				ENABLE_NS_ASSERTIONS = NO;
				ENABLE_STRICT_OBJC_MSGSEND = YES;
				GCC_C_LANGUAGE_STANDARD = gnu99;
				GCC_NO_COMMON_BLOCKS = YES;
				GCC_WARN_64_TO_32_BIT_CONVERSION = YES;
				GCC_WARN_ABOUT_RETURN_TYPE = YES_ERROR;
				GCC_WARN_UNDECLARED_SELECTOR = YES;
				GCC_WARN_UNINITIALIZED_AUTOS = YES_AGGRESSIVE;
				GCC_WARN_UNUSED_FUNCTION = YES;
				GCC_WARN_UNUSED_VARIABLE = YES;
				MACOSX_DEPLOYMENT_TARGET = 10.12;
				MTL_ENABLE_DEBUG_INFO = NO;
				SDKROOT = macosx;
			};
			name = Release;
		};
		106789A81E68C587006E6FAA /* Debug */ = {
			isa = XCBuildConfiguration;
			buildSettings = {
				CLANG_ENABLE_MODULES = YES;
				DEVELOPMENT_TEAM = CPDEXJDESH;
				DYLIB_COMPATIBILITY_VERSION = 1;
				DYLIB_CURRENT_VERSION = 1;
				EXECUTABLE_PREFIX = lib;
				LD_RUNPATH_SEARCH_PATHS = "$(inherited) @executable_path/../Frameworks @loader_path/../Frameworks";
				PRODUCT_NAME = "$(TARGET_NAME)";
				SWIFT_OBJC_BRIDGING_HEADER = "Sequitur-Swift-Bridging-Header.h";
				SWIFT_OPTIMIZATION_LEVEL = "-Onone";
				SWIFT_VERSION = 3.0;
			};
			name = Debug;
		};
		106789A91E68C587006E6FAA /* Release */ = {
			isa = XCBuildConfiguration;
			buildSettings = {
				CLANG_ENABLE_MODULES = YES;
				DEVELOPMENT_TEAM = CPDEXJDESH;
				DYLIB_COMPATIBILITY_VERSION = 1;
				DYLIB_CURRENT_VERSION = 1;
				EXECUTABLE_PREFIX = lib;
				LD_RUNPATH_SEARCH_PATHS = "$(inherited) @executable_path/../Frameworks @loader_path/../Frameworks";
				PRODUCT_NAME = "$(TARGET_NAME)";
				SWIFT_OBJC_BRIDGING_HEADER = "Sequitur-Swift-Bridging-Header.h";
				SWIFT_VERSION = 3.0;
			};
			name = Release;
		};
/* End XCBuildConfiguration section */

/* Begin XCConfigurationList section */
		1067899E1E68C587006E6FAA /* Build configuration list for PBXProject "Sequitur-Swift" */ = {
			isa = XCConfigurationList;
			buildConfigurations = (
				106789A51E68C587006E6FAA /* Debug */,
				106789A61E68C587006E6FAA /* Release */,
			);
			defaultConfigurationIsVisible = 0;
			defaultConfigurationName = Release;
		};
		106789A71E68C587006E6FAA /* Build configuration list for PBXNativeTarget "Sequitur-Swift" */ = {
			isa = XCConfigurationList;
			buildConfigurations = (
				106789A81E68C587006E6FAA /* Debug */,
				106789A91E68C587006E6FAA /* Release */,
			);
			defaultConfigurationIsVisible = 0;
			defaultConfigurationName = Release;
		};
/* End XCConfigurationList section */
	};
	rootObject = 1067899B1E68C587006E6FAA /* Project object */;
}
